{
  "name": "sopb",
  "version": "0.0.4",
  "lockfileVersion": 1,
  "requires": true,
  "dependencies": {
    "angularx-social-login": {
      "version": "1.2.7",
      "resolved": "https://registry.npmjs.org/angularx-social-login/-/angularx-social-login-1.2.7.tgz",
      "integrity": "sha512-ymzYuuYfWeIywVmswKYFMwC9n3oFxeIr3OpjL62afZig7rpVDvVGsxqFR3Kfjc2dThMRCvDVoq/vvGgO33fWKQ=="
    }
  }
}
